
Microsoft Visual Studio Solution File, Format Version 12.00
# Visual Studio 2012
Project("{8BC9CEB8-8B4A-11D0-8D11-00A0C91BC942}") = "parametrized_config_singleton", "parametrized_config_singleton.vcxproj", "{34C6CA21-256C-4CEF-99D3-D13DBB130F25}"
EndProject
Project("{2150E333-8FDC-42A3-9474-1A3956D46DE8}") = "Solution Items", "Solution Items", "{E58B194D-D6C3-4DEF-A089-F08B27EE5B33}"
	ProjectSection(SolutionItems) = preProject
		README.md = README.md
	EndProjectSection
EndProject
Global
	GlobalSection(SolutionConfigurationPlatforms) = preSolution
		Debug|Win32 = Debug|Win32
		Release|Win32 = Release|Win32
	EndGlobalSection
	GlobalSection(ProjectConfigurationPlatforms) = postSolution
		{34C6CA21-256C-4CEF-99D3-D13DBB130F25}.Debug|Win32.ActiveCfg = Debug|Win32
		{34C6CA21-256C-4CEF-99D3-D13DBB130F25}.Debug|Win32.Build.0 = Debug|Win32
		{34C6CA21-256C-4CEF-99D3-D13DBB130F25}.Release|Win32.ActiveCfg = Release|Win32
		{34C6CA21-256C-4CEF-99D3-D13DBB130F25}.Release|Win32.Build.0 = Release|Win32
	EndGlobalSection
	GlobalSection(SolutionProperties) = preSolution
		HideSolutionNode = FALSE
	EndGlobalSection
EndGlobal
